
Microsoft Visual Studio Solution File, Format Version 12.00
# Visual Studio Version 16
VisualStudioVersion = 16.0.29613.14
MinimumVisualStudioVersion = 10.0.40219.1
Project("{9A19103F-16F7-4668-BE54-9A1E7A4F7556}") = "SpiceSharpBehavioral", "SpiceSharpBehavioral\SpiceSharpBehavioral.csproj", "{D2FE5B10-B052-4219-BD10-E276A0C419CC}"
EndProject
Project("{FAE04EC0-301F-11D3-BF4B-00C04F79EFBC}") = "Benchmark", "Benchmark\Benchmark.csproj", "{BEE1FFC3-617A-4390-9F60-FE118D76D0CD}"
EndProject
Project("{FAE04EC0-301F-11D3-BF4B-00C04F79EFBC}") = "SpiceSharpBehavioralTest", "SpiceSharpBehavioralTest\SpiceSharpBehavioralTest.csproj", "{D18306C6-A966-4E4D-B0C9-01DE3CFF892F}"
EndProject
Global
	GlobalSection(SolutionConfigurationPlatforms) = preSolution
		Debug|Any CPU = Debug|Any CPU
		Release|Any CPU = Release|Any CPU
	EndGlobalSection
	GlobalSection(ProjectConfigurationPlatforms) = postSolution
		{D2FE5B10-B052-4219-BD10-E276A0C419CC}.Debug|Any CPU.ActiveCfg = Debug|Any CPU
		{D2FE5B10-B052-4219-BD10-E276A0C419CC}.Debug|Any CPU.Build.0 = Debug|Any CPU
		{D2FE5B10-B052-4219-BD10-E276A0C419CC}.Release|Any CPU.ActiveCfg = Release|Any CPU
		{D2FE5B10-B052-4219-BD10-E276A0C419CC}.Release|Any CPU.Build.0 = Release|Any CPU
		{BEE1FFC3-617A-4390-9F60-FE118D76D0CD}.Debug|Any CPU.ActiveCfg = Debug|Any CPU
		{BEE1FFC3-617A-4390-9F60-FE118D76D0CD}.Debug|Any CPU.Build.0 = Debug|Any CPU
		{BEE1FFC3-617A-4390-9F60-FE118D76D0CD}.Release|Any CPU.ActiveCfg = Release|Any CPU
		{BEE1FFC3-617A-4390-9F60-FE118D76D0CD}.Release|Any CPU.Build.0 = Release|Any CPU
		{D18306C6-A966-4E4D-B0C9-01DE3CFF892F}.Debug|Any CPU.ActiveCfg = Debug|Any CPU
		{D18306C6-A966-4E4D-B0C9-01DE3CFF892F}.Debug|Any CPU.Build.0 = Debug|Any CPU
		{D18306C6-A966-4E4D-B0C9-01DE3CFF892F}.Release|Any CPU.ActiveCfg = Release|Any CPU
		{D18306C6-A966-4E4D-B0C9-01DE3CFF892F}.Release|Any CPU.Build.0 = Release|Any CPU
	EndGlobalSection
	GlobalSection(SolutionProperties) = preSolution
		HideSolutionNode = FALSE
	EndGlobalSection
	GlobalSection(ExtensibilityGlobals) = postSolution
		SolutionGuid = {0198785C-C238-49FF-B237-24CBFF880867}
	EndGlobalSection
EndGlobal
